
Microsoft Visual Studio Solution File, Format Version 12.00
# Visual Studio Version 17
VisualStudioVersion = 17.4.33103.184
MinimumVisualStudioVersion = 10.0.40219.1
Project("{9A19103F-16F7-4668-BE54-9A1E7A4F7556}") = "CoensioEvulatorApi", "CoensioEvulatorApi\CoensioEvulatorApi.csproj", "{61EF8584-3CB0-4936-938E-E8B3157D270A}"
EndProject
Global
	GlobalSection(SolutionConfigurationPlatforms) = preSolution
		Debug|Any CPU = Debug|Any CPU
		Release|Any CPU = Release|Any CPU
	EndGlobalSection
	GlobalSection(ProjectConfigurationPlatforms) = postSolution
		{61EF8584-3CB0-4936-938E-E8B3157D270A}.Debug|Any CPU.ActiveCfg = Debug|Any CPU
		{61EF8584-3CB0-4936-938E-E8B3157D270A}.Debug|Any CPU.Build.0 = Debug|Any CPU
		{61EF8584-3CB0-4936-938E-E8B3157D270A}.Release|Any CPU.ActiveCfg = Release|Any CPU
		{61EF8584-3CB0-4936-938E-E8B3157D270A}.Release|Any CPU.Build.0 = Release|Any CPU
	EndGlobalSection
	GlobalSection(SolutionProperties) = preSolution
		HideSolutionNode = FALSE
	EndGlobalSection
	GlobalSection(ExtensibilityGlobals) = postSolution
		SolutionGuid = {F355C0B7-1048-43FA-8E97-5631A998AE70}
	EndGlobalSection
EndGlobal
